
Microsoft Visual Studio Solution File, Format Version 12.00
# Visual Studio Version 16
VisualStudioVersion = 16.0.29509.3
MinimumVisualStudioVersion = 10.0.40219.1
Project("{FAE04EC0-301F-11D3-BF4B-00C04F79EFBC}") = "Lesson01", "Lesson01\Lesson01.csproj", "{480E2BEF-1C01-4A26-A803-C90BF9B081EE}"
EndProject
Project("{FAE04EC0-301F-11D3-BF4B-00C04F79EFBC}") = "Lesson0101", "Lesson0101\Lesson0101.csproj", "{D080CB8C-EBA3-4957-B330-BEC89C893828}"
EndProject
Project("{FAE04EC0-301F-11D3-BF4B-00C04F79EFBC}") = "Lesson0102", "Lesson0102\Lesson0102.csproj", "{76BE9BE2-CEA9-4954-9CD8-B2E3581071B5}"
EndProject
Project("{FAE04EC0-301F-11D3-BF4B-00C04F79EFBC}") = "Lesson01Review", "Lesson01Review\Lesson01Review.csproj", "{335E1CC2-4E7D-48DB-9F60-66F1864C7A04}"
EndProject
Project("{FAE04EC0-301F-11D3-BF4B-00C04F79EFBC}") = "Lesson02.ConsoleWrite", "Lesson02.ConsoleWrite\Lesson02.ConsoleWrite.csproj", "{D92BBD64-B056-4A02-91BE-6D90D4E02A05}"
EndProject
Project("{FAE04EC0-301F-11D3-BF4B-00C04F79EFBC}") = "Lesson02.Read_ReadLine", "Lesson02.Read_ReadLine\Lesson02.Read_ReadLine.csproj", "{D91A9A4B-8FAF-4F33-B989-A157AF415D34}"
EndProject
Project("{FAE04EC0-301F-11D3-BF4B-00C04F79EFBC}") = "Lesson02.Lab01BT2", "Lession02.Lab01BT2\Lesson02.Lab01BT2.csproj", "{16090279-C3C3-4EC9-A7FE-FFFD6B3B8513}"
EndProject
Project("{FAE04EC0-301F-11D3-BF4B-00C04F79EFBC}") = "Lesson02.ControlFlow", "Lesson02.ControlFlow\Lesson02.ControlFlow.csproj", "{3A57E990-24C9-4407-A7E3-4C83C284C729}"
EndProject
Project("{FAE04EC0-301F-11D3-BF4B-00C04F79EFBC}") = "Lesson02.IfDemo", "Lesson02.IfDemo\Lesson02.IfDemo.csproj", "{16DF97E4-B2FE-4B40-B35A-563D71DBBA86}"
EndProject
Project("{FAE04EC0-301F-11D3-BF4B-00C04F79EFBC}") = "Lesson02.IfLab", "Lesson02.IfLab\Lesson02.IfLab.csproj", "{880E5A38-931B-424E-AA7A-C2A153523ACA}"
EndProject
Project("{FAE04EC0-301F-11D3-BF4B-00C04F79EFBC}") = "Lesson02.ReviewPTB2", "Lesson02.ReviewPTB2\Lesson02.ReviewPTB2.csproj", "{4672E534-1AF3-4D29-A3AD-5829B40DD192}"
EndProject
Project("{FAE04EC0-301F-11D3-BF4B-00C04F79EFBC}") = "Lesson03.SwitchDemo1", "Lesson03.SwitchDemo1\Lesson03.SwitchDemo1.csproj", "{04ADE362-A20C-4436-9F71-688F3DBA8E5E}"
EndProject
Project("{FAE04EC0-301F-11D3-BF4B-00C04F79EFBC}") = "Lesson03.SwitchDemo2", "Lesson03.SwitchDemo2\Lesson03.SwitchDemo2.csproj", "{4084EF7F-34D7-4042-9D52-0EC74AD58D49}"
EndProject
Project("{FAE04EC0-301F-11D3-BF4B-00C04F79EFBC}") = "Lesson03.ForDemo", "Lesson03.ForDemo\Lesson03.ForDemo.csproj", "{F6649D74-EB9C-40C7-957F-8680AF11A337}"
EndProject
Project("{FAE04EC0-301F-11D3-BF4B-00C04F79EFBC}") = "Lesson03.ForLab01", "Lesson03.ForLab01\Lesson03.ForLab01.csproj", "{7E6453D4-4237-4946-BE23-13F39C03D24F}"
EndProject
Project("{FAE04EC0-301F-11D3-BF4B-00C04F79EFBC}") = "Lesson04.1.DoWhile", "Lesson04.1.DoWhile\Lesson04.1.DoWhile.csproj", "{0650804B-446E-4889-A16C-DEEA4EDDCF61}"
EndProject
Project("{FAE04EC0-301F-11D3-BF4B-00C04F79EFBC}") = "Lesson04.2.While", "Lesson04.2.While\Lesson04.2.While.csproj", "{08FABD95-3B73-4065-9AE3-4629A29B7DE6}"
EndProject
Project("{FAE04EC0-301F-11D3-BF4B-00C04F79EFBC}") = "Lesson04.3.ForEach", "Lesson04.3.ForEach\Lesson04.3.ForEach.csproj", "{7FA61270-A928-4BAD-BE63-0486D5B238BD}"
EndProject
Project("{FAE04EC0-301F-11D3-BF4B-00C04F79EFBC}") = "Lesson04.4.Lab01", "Lesson04.4.Lab01\Lesson04.4.Lab01.csproj", "{97282E74-A778-413B-B83E-C97AB68D3B91}"
EndProject
Project("{FAE04EC0-301F-11D3-BF4B-00C04F79EFBC}") = "Lesson04.5.Lab02", "Lesson04.5.Lab02\Lesson04.5.Lab02.csproj", "{36F5CD8D-A5DC-4E32-8437-AE553E49CDD7}"
EndProject
Project("{FAE04EC0-301F-11D3-BF4B-00C04F79EFBC}") = "Lesson05.Review", "Lesson05.Review\Lesson05.Review.csproj", "{F510A61C-6E4C-4AB7-87CB-047653CDC6D1}"
EndProject
Project("{FAE04EC0-301F-11D3-BF4B-00C04F79EFBC}") = "Lesson05.1.Array01", "Lesson05.Array01\Lesson05.1.Array01.csproj", "{27D1FDE4-101A-4F4A-B6D4-4924959E383F}"
EndProject
Project("{FAE04EC0-301F-11D3-BF4B-00C04F79EFBC}") = "Lesson05.2.Array1Lab01", "Lesson05.2.Array1Lab01\Lesson05.2.Array1Lab01.csproj", "{4F3EFFC5-5680-433A-B342-DC9FD57D5777}"
EndProject
Project("{FAE04EC0-301F-11D3-BF4B-00C04F79EFBC}") = "Lesson05.3.Array1Lab02", "Lesson05.3.Array1Lab02\Lesson05.3.Array1Lab02.csproj", "{CAC6E4F9-AC0E-45A1-8FC8-AC5D7626DDE2}"
EndProject
Project("{FAE04EC0-301F-11D3-BF4B-00C04F79EFBC}") = "Lesson05.4.Array2", "Lesson05.4.Array2\Lesson05.4.Array2.csproj", "{17726163-6891-4BE1-A3E9-E092695329B0}"
EndProject
Project("{FAE04EC0-301F-11D3-BF4B-00C04F79EFBC}") = "Lesson06.1.Review", "Lesson06.1.Review\Lesson06.1.Review.csproj", "{2DD4588E-B086-483C-95A1-6D920B6CCA89}"
EndProject
Project("{FAE04EC0-301F-11D3-BF4B-00C04F79EFBC}") = "Lesson06.2.OOP.Overview", "Lesson06.2.OOP.Overview\Lesson06.2.OOP.Overview.csproj", "{8C7BB19F-BF87-4D67-8F68-3EE4BBCE3224}"
EndProject
Project("{FAE04EC0-301F-11D3-BF4B-00C04F79EFBC}") = "Lesson06.3.ClassAndObject", "Lesson06.3.ClassAndObject\Lesson06.3.ClassAndObject.csproj", "{14314BB0-D3A4-4AC1-9ED4-EFC7F3B75F6D}"
EndProject
Project("{FAE04EC0-301F-11D3-BF4B-00C04F79EFBC}") = "Lesson06.4.PropertiesDemo", "Lesson06.4.PropertiesDemo\Lesson06.4.PropertiesDemo.csproj", "{1115AFAB-7198-489D-98FA-6F17E647C8B0}"
EndProject
Project("{FAE04EC0-301F-11D3-BF4B-00C04F79EFBC}") = "Lesson06.5.PropertiesAuto", "Lesson06.5.PropertiesAuto\Lesson06.5.PropertiesAuto.csproj", "{A23A00DD-9D27-448C-BC8B-E11D469901A7}"
EndProject
Project("{FAE04EC0-301F-11D3-BF4B-00C04F79EFBC}") = "Lesson06.6.MethodDemo", "Lesson06.6.MethodDemo\Lesson06.6.MethodDemo.csproj", "{0AC16209-6DC2-4B74-92AA-96816F64C0A5}"
EndProject
Global
	GlobalSection(SolutionConfigurationPlatforms) = preSolution
		Debug|Any CPU = Debug|Any CPU
		Release|Any CPU = Release|Any CPU
	EndGlobalSection
	GlobalSection(ProjectConfigurationPlatforms) = postSolution
		{480E2BEF-1C01-4A26-A803-C90BF9B081EE}.Debug|Any CPU.ActiveCfg = Debug|Any CPU
		{480E2BEF-1C01-4A26-A803-C90BF9B081EE}.Debug|Any CPU.Build.0 = Debug|Any CPU
		{480E2BEF-1C01-4A26-A803-C90BF9B081EE}.Release|Any CPU.ActiveCfg = Release|Any CPU
		{480E2BEF-1C01-4A26-A803-C90BF9B081EE}.Release|Any CPU.Build.0 = Release|Any CPU
		{D080CB8C-EBA3-4957-B330-BEC89C893828}.Debug|Any CPU.ActiveCfg = Debug|Any CPU
		{D080CB8C-EBA3-4957-B330-BEC89C893828}.Debug|Any CPU.Build.0 = Debug|Any CPU
		{D080CB8C-EBA3-4957-B330-BEC89C893828}.Release|Any CPU.ActiveCfg = Release|Any CPU
		{D080CB8C-EBA3-4957-B330-BEC89C893828}.Release|Any CPU.Build.0 = Release|Any CPU
		{76BE9BE2-CEA9-4954-9CD8-B2E3581071B5}.Debug|Any CPU.ActiveCfg = Debug|Any CPU
		{76BE9BE2-CEA9-4954-9CD8-B2E3581071B5}.Debug|Any CPU.Build.0 = Debug|Any CPU
		{76BE9BE2-CEA9-4954-9CD8-B2E3581071B5}.Release|Any CPU.ActiveCfg = Release|Any CPU
		{76BE9BE2-CEA9-4954-9CD8-B2E3581071B5}.Release|Any CPU.Build.0 = Release|Any CPU
		{335E1CC2-4E7D-48DB-9F60-66F1864C7A04}.Debug|Any CPU.ActiveCfg = Debug|Any CPU
		{335E1CC2-4E7D-48DB-9F60-66F1864C7A04}.Debug|Any CPU.Build.0 = Debug|Any CPU
		{335E1CC2-4E7D-48DB-9F60-66F1864C7A04}.Release|Any CPU.ActiveCfg = Release|Any CPU
		{335E1CC2-4E7D-48DB-9F60-66F1864C7A04}.Release|Any CPU.Build.0 = Release|Any CPU
		{D92BBD64-B056-4A02-91BE-6D90D4E02A05}.Debug|Any CPU.ActiveCfg = Debug|Any CPU
		{D92BBD64-B056-4A02-91BE-6D90D4E02A05}.Debug|Any CPU.Build.0 = Debug|Any CPU
		{D92BBD64-B056-4A02-91BE-6D90D4E02A05}.Release|Any CPU.ActiveCfg = Release|Any CPU
		{D92BBD64-B056-4A02-91BE-6D90D4E02A05}.Release|Any CPU.Build.0 = Release|Any CPU
		{D91A9A4B-8FAF-4F33-B989-A157AF415D34}.Debug|Any CPU.ActiveCfg = Debug|Any CPU
		{D91A9A4B-8FAF-4F33-B989-A157AF415D34}.Debug|Any CPU.Build.0 = Debug|Any CPU
		{D91A9A4B-8FAF-4F33-B989-A157AF415D34}.Release|Any CPU.ActiveCfg = Release|Any CPU
		{D91A9A4B-8FAF-4F33-B989-A157AF415D34}.Release|Any CPU.Build.0 = Release|Any CPU
		{16090279-C3C3-4EC9-A7FE-FFFD6B3B8513}.Debug|Any CPU.ActiveCfg = Debug|Any CPU
		{16090279-C3C3-4EC9-A7FE-FFFD6B3B8513}.Debug|Any CPU.Build.0 = Debug|Any CPU
		{16090279-C3C3-4EC9-A7FE-FFFD6B3B8513}.Release|Any CPU.ActiveCfg = Release|Any CPU
		{16090279-C3C3-4EC9-A7FE-FFFD6B3B8513}.Release|Any CPU.Build.0 = Release|Any CPU
		{3A57E990-24C9-4407-A7E3-4C83C284C729}.Debug|Any CPU.ActiveCfg = Debug|Any CPU
		{3A57E990-24C9-4407-A7E3-4C83C284C729}.Debug|Any CPU.Build.0 = Debug|Any CPU
		{3A57E990-24C9-4407-A7E3-4C83C284C729}.Release|Any CPU.ActiveCfg = Release|Any CPU
		{3A57E990-24C9-4407-A7E3-4C83C284C729}.Release|Any CPU.Build.0 = Release|Any CPU
		{16DF97E4-B2FE-4B40-B35A-563D71DBBA86}.Debug|Any CPU.ActiveCfg = Debug|Any CPU
		{16DF97E4-B2FE-4B40-B35A-563D71DBBA86}.Debug|Any CPU.Build.0 = Debug|Any CPU
		{16DF97E4-B2FE-4B40-B35A-563D71DBBA86}.Release|Any CPU.ActiveCfg = Release|Any CPU
		{16DF97E4-B2FE-4B40-B35A-563D71DBBA86}.Release|Any CPU.Build.0 = Release|Any CPU
		{880E5A38-931B-424E-AA7A-C2A153523ACA}.Debug|Any CPU.ActiveCfg = Debug|Any CPU
		{880E5A38-931B-424E-AA7A-C2A153523ACA}.Debug|Any CPU.Build.0 = Debug|Any CPU
		{880E5A38-931B-424E-AA7A-C2A153523ACA}.Release|Any CPU.ActiveCfg = Release|Any CPU
		{880E5A38-931B-424E-AA7A-C2A153523ACA}.Release|Any CPU.Build.0 = Release|Any CPU
		{4672E534-1AF3-4D29-A3AD-5829B40DD192}.Debug|Any CPU.ActiveCfg = Debug|Any CPU
		{4672E534-1AF3-4D29-A3AD-5829B40DD192}.Debug|Any CPU.Build.0 = Debug|Any CPU
		{4672E534-1AF3-4D29-A3AD-5829B40DD192}.Release|Any CPU.ActiveCfg = Release|Any CPU
		{4672E534-1AF3-4D29-A3AD-5829B40DD192}.Release|Any CPU.Build.0 = Release|Any CPU
		{04ADE362-A20C-4436-9F71-688F3DBA8E5E}.Debug|Any CPU.ActiveCfg = Debug|Any CPU
		{04ADE362-A20C-4436-9F71-688F3DBA8E5E}.Debug|Any CPU.Build.0 = Debug|Any CPU
		{04ADE362-A20C-4436-9F71-688F3DBA8E5E}.Release|Any CPU.ActiveCfg = Release|Any CPU
		{04ADE362-A20C-4436-9F71-688F3DBA8E5E}.Release|Any CPU.Build.0 = Release|Any CPU
		{4084EF7F-34D7-4042-9D52-0EC74AD58D49}.Debug|Any CPU.ActiveCfg = Debug|Any CPU
		{4084EF7F-34D7-4042-9D52-0EC74AD58D49}.Debug|Any CPU.Build.0 = Debug|Any CPU
		{4084EF7F-34D7-4042-9D52-0EC74AD58D49}.Release|Any CPU.ActiveCfg = Release|Any CPU
		{4084EF7F-34D7-4042-9D52-0EC74AD58D49}.Release|Any CPU.Build.0 = Release|Any CPU
		{F6649D74-EB9C-40C7-957F-8680AF11A337}.Debug|Any CPU.ActiveCfg = Debug|Any CPU
		{F6649D74-EB9C-40C7-957F-8680AF11A337}.Debug|Any CPU.Build.0 = Debug|Any CPU
		{F6649D74-EB9C-40C7-957F-8680AF11A337}.Release|Any CPU.ActiveCfg = Release|Any CPU
		{F6649D74-EB9C-40C7-957F-8680AF11A337}.Release|Any CPU.Build.0 = Release|Any CPU
		{7E6453D4-4237-4946-BE23-13F39C03D24F}.Debug|Any CPU.ActiveCfg = Debug|Any CPU
		{7E6453D4-4237-4946-BE23-13F39C03D24F}.Debug|Any CPU.Build.0 = Debug|Any CPU
		{7E6453D4-4237-4946-BE23-13F39C03D24F}.Release|Any CPU.ActiveCfg = Release|Any CPU
		{7E6453D4-4237-4946-BE23-13F39C03D24F}.Release|Any CPU.Build.0 = Release|Any CPU
		{0650804B-446E-4889-A16C-DEEA4EDDCF61}.Debug|Any CPU.ActiveCfg = Debug|Any CPU
		{0650804B-446E-4889-A16C-DEEA4EDDCF61}.Debug|Any CPU.Build.0 = Debug|Any CPU
		{0650804B-446E-4889-A16C-DEEA4EDDCF61}.Release|Any CPU.ActiveCfg = Release|Any CPU
		{0650804B-446E-4889-A16C-DEEA4EDDCF61}.Release|Any CPU.Build.0 = Release|Any CPU
		{08FABD95-3B73-4065-9AE3-4629A29B7DE6}.Debug|Any CPU.ActiveCfg = Debug|Any CPU
		{08FABD95-3B73-4065-9AE3-4629A29B7DE6}.Debug|Any CPU.Build.0 = Debug|Any CPU
		{08FABD95-3B73-4065-9AE3-4629A29B7DE6}.Release|Any CPU.ActiveCfg = Release|Any CPU
		{08FABD95-3B73-4065-9AE3-4629A29B7DE6}.Release|Any CPU.Build.0 = Release|Any CPU
		{7FA61270-A928-4BAD-BE63-0486D5B238BD}.Debug|Any CPU.ActiveCfg = Debug|Any CPU
		{7FA61270-A928-4BAD-BE63-0486D5B238BD}.Debug|Any CPU.Build.0 = Debug|Any CPU
		{7FA61270-A928-4BAD-BE63-0486D5B238BD}.Release|Any CPU.ActiveCfg = Release|Any CPU
		{7FA61270-A928-4BAD-BE63-0486D5B238BD}.Release|Any CPU.Build.0 = Release|Any CPU
		{97282E74-A778-413B-B83E-C97AB68D3B91}.Debug|Any CPU.ActiveCfg = Debug|Any CPU
		{97282E74-A778-413B-B83E-C97AB68D3B91}.Debug|Any CPU.Build.0 = Debug|Any CPU
		{97282E74-A778-413B-B83E-C97AB68D3B91}.Release|Any CPU.ActiveCfg = Release|Any CPU
		{97282E74-A778-413B-B83E-C97AB68D3B91}.Release|Any CPU.Build.0 = Release|Any CPU
		{36F5CD8D-A5DC-4E32-8437-AE553E49CDD7}.Debug|Any CPU.ActiveCfg = Debug|Any CPU
		{36F5CD8D-A5DC-4E32-8437-AE553E49CDD7}.Debug|Any CPU.Build.0 = Debug|Any CPU
		{36F5CD8D-A5DC-4E32-8437-AE553E49CDD7}.Release|Any CPU.ActiveCfg = Release|Any CPU
		{36F5CD8D-A5DC-4E32-8437-AE553E49CDD7}.Release|Any CPU.Build.0 = Release|Any CPU
		{F510A61C-6E4C-4AB7-87CB-047653CDC6D1}.Debug|Any CPU.ActiveCfg = Debug|Any CPU
		{F510A61C-6E4C-4AB7-87CB-047653CDC6D1}.Debug|Any CPU.Build.0 = Debug|Any CPU
		{F510A61C-6E4C-4AB7-87CB-047653CDC6D1}.Release|Any CPU.ActiveCfg = Release|Any CPU
		{F510A61C-6E4C-4AB7-87CB-047653CDC6D1}.Release|Any CPU.Build.0 = Release|Any CPU
		{27D1FDE4-101A-4F4A-B6D4-4924959E383F}.Debug|Any CPU.ActiveCfg = Debug|Any CPU
		{27D1FDE4-101A-4F4A-B6D4-4924959E383F}.Debug|Any CPU.Build.0 = Debug|Any CPU
		{27D1FDE4-101A-4F4A-B6D4-4924959E383F}.Release|Any CPU.ActiveCfg = Release|Any CPU
		{27D1FDE4-101A-4F4A-B6D4-4924959E383F}.Release|Any CPU.Build.0 = Release|Any CPU
		{4F3EFFC5-5680-433A-B342-DC9FD57D5777}.Debug|Any CPU.ActiveCfg = Debug|Any CPU
		{4F3EFFC5-5680-433A-B342-DC9FD57D5777}.Debug|Any CPU.Build.0 = Debug|Any CPU
		{4F3EFFC5-5680-433A-B342-DC9FD57D5777}.Release|Any CPU.ActiveCfg = Release|Any CPU
		{4F3EFFC5-5680-433A-B342-DC9FD57D5777}.Release|Any CPU.Build.0 = Release|Any CPU
		{CAC6E4F9-AC0E-45A1-8FC8-AC5D7626DDE2}.Debug|Any CPU.ActiveCfg = Debug|Any CPU
		{CAC6E4F9-AC0E-45A1-8FC8-AC5D7626DDE2}.Debug|Any CPU.Build.0 = Debug|Any CPU
		{CAC6E4F9-AC0E-45A1-8FC8-AC5D7626DDE2}.Release|Any CPU.ActiveCfg = Release|Any CPU
		{CAC6E4F9-AC0E-45A1-8FC8-AC5D7626DDE2}.Release|Any CPU.Build.0 = Release|Any CPU
		{17726163-6891-4BE1-A3E9-E092695329B0}.Debug|Any CPU.ActiveCfg = Debug|Any CPU
		{17726163-6891-4BE1-A3E9-E092695329B0}.Debug|Any CPU.Build.0 = Debug|Any CPU
		{17726163-6891-4BE1-A3E9-E092695329B0}.Release|Any CPU.ActiveCfg = Release|Any CPU
		{17726163-6891-4BE1-A3E9-E092695329B0}.Release|Any CPU.Build.0 = Release|Any CPU
		{2DD4588E-B086-483C-95A1-6D920B6CCA89}.Debug|Any CPU.ActiveCfg = Debug|Any CPU
		{2DD4588E-B086-483C-95A1-6D920B6CCA89}.Debug|Any CPU.Build.0 = Debug|Any CPU
		{2DD4588E-B086-483C-95A1-6D920B6CCA89}.Release|Any CPU.ActiveCfg = Release|Any CPU
		{2DD4588E-B086-483C-95A1-6D920B6CCA89}.Release|Any CPU.Build.0 = Release|Any CPU
		{8C7BB19F-BF87-4D67-8F68-3EE4BBCE3224}.Debug|Any CPU.ActiveCfg = Debug|Any CPU
		{8C7BB19F-BF87-4D67-8F68-3EE4BBCE3224}.Debug|Any CPU.Build.0 = Debug|Any CPU
		{8C7BB19F-BF87-4D67-8F68-3EE4BBCE3224}.Release|Any CPU.ActiveCfg = Release|Any CPU
		{8C7BB19F-BF87-4D67-8F68-3EE4BBCE3224}.Release|Any CPU.Build.0 = Release|Any CPU
		{14314BB0-D3A4-4AC1-9ED4-EFC7F3B75F6D}.Debug|Any CPU.ActiveCfg = Debug|Any CPU
		{14314BB0-D3A4-4AC1-9ED4-EFC7F3B75F6D}.Debug|Any CPU.Build.0 = Debug|Any CPU
		{14314BB0-D3A4-4AC1-9ED4-EFC7F3B75F6D}.Release|Any CPU.ActiveCfg = Release|Any CPU
		{14314BB0-D3A4-4AC1-9ED4-EFC7F3B75F6D}.Release|Any CPU.Build.0 = Release|Any CPU
		{1115AFAB-7198-489D-98FA-6F17E647C8B0}.Debug|Any CPU.ActiveCfg = Debug|Any CPU
		{1115AFAB-7198-489D-98FA-6F17E647C8B0}.Debug|Any CPU.Build.0 = Debug|Any CPU
		{1115AFAB-7198-489D-98FA-6F17E647C8B0}.Release|Any CPU.ActiveCfg = Release|Any CPU
		{1115AFAB-7198-489D-98FA-6F17E647C8B0}.Release|Any CPU.Build.0 = Release|Any CPU
		{A23A00DD-9D27-448C-BC8B-E11D469901A7}.Debug|Any CPU.ActiveCfg = Debug|Any CPU
		{A23A00DD-9D27-448C-BC8B-E11D469901A7}.Debug|Any CPU.Build.0 = Debug|Any CPU
		{A23A00DD-9D27-448C-BC8B-E11D469901A7}.Release|Any CPU.ActiveCfg = Release|Any CPU
		{A23A00DD-9D27-448C-BC8B-E11D469901A7}.Release|Any CPU.Build.0 = Release|Any CPU
		{0AC16209-6DC2-4B74-92AA-96816F64C0A5}.Debug|Any CPU.ActiveCfg = Debug|Any CPU
		{0AC16209-6DC2-4B74-92AA-96816F64C0A5}.Debug|Any CPU.Build.0 = Debug|Any CPU
		{0AC16209-6DC2-4B74-92AA-96816F64C0A5}.Release|Any CPU.ActiveCfg = Release|Any CPU
		{0AC16209-6DC2-4B74-92AA-96816F64C0A5}.Release|Any CPU.Build.0 = Release|Any CPU
	EndGlobalSection
	GlobalSection(SolutionProperties) = preSolution
		HideSolutionNode = FALSE
	EndGlobalSection
	GlobalSection(ExtensibilityGlobals) = postSolution
		SolutionGuid = {81134D28-B2F1-4A71-A4A9-09DF32881278}
	EndGlobalSection
EndGlobal
