
Microsoft Visual Studio Solution File, Format Version 12.00
# Visual Studio Version 16
VisualStudioVersion = 16.0.29509.3
MinimumVisualStudioVersion = 10.0.40219.1
Project("{FAE04EC0-301F-11D3-BF4B-00C04F79EFBC}") = "Lesson01", "Lesson01\Lesson01.csproj", "{480E2BEF-1C01-4A26-A803-C90BF9B081EE}"
EndProject
Project("{FAE04EC0-301F-11D3-BF4B-00C04F79EFBC}") = "Lesson0101", "Lesson0101\Lesson0101.csproj", "{D080CB8C-EBA3-4957-B330-BEC89C893828}"
EndProject
Project("{FAE04EC0-301F-11D3-BF4B-00C04F79EFBC}") = "Lesson0102", "Lesson0102\Lesson0102.csproj", "{76BE9BE2-CEA9-4954-9CD8-B2E3581071B5}"
EndProject
Project("{FAE04EC0-301F-11D3-BF4B-00C04F79EFBC}") = "Lesson01Review", "Lesson01Review\Lesson01Review.csproj", "{335E1CC2-4E7D-48DB-9F60-66F1864C7A04}"
EndProject
Project("{FAE04EC0-301F-11D3-BF4B-00C04F79EFBC}") = "Lesson02.ConsoleWrite", "Lesson02.ConsoleWrite\Lesson02.ConsoleWrite.csproj", "{D92BBD64-B056-4A02-91BE-6D90D4E02A05}"
EndProject
Project("{FAE04EC0-301F-11D3-BF4B-00C04F79EFBC}") = "Lesson02.ControlFlow", "Lesson02.ControlFlow\Lesson02.ControlFlow.csproj", "{3A57E990-24C9-4407-A7E3-4C83C284C729}"
EndProject
Project("{FAE04EC0-301F-11D3-BF4B-00C04F79EFBC}") = "Lesson02.IfDemo", "Lesson02.IfDemo\Lesson02.IfDemo.csproj", "{16DF97E4-B2FE-4B40-B35A-563D71DBBA86}"
EndProject
Project("{FAE04EC0-301F-11D3-BF4B-00C04F79EFBC}") = "Lesson05.Review", "Lesson05.Review\Lesson05.Review.csproj", "{F510A61C-6E4C-4AB7-87CB-047653CDC6D1}"
EndProject
Project("{FAE04EC0-301F-11D3-BF4B-00C04F79EFBC}") = "Lesson05.2.Array1Lab01", "Lesson05.2.Array1Lab01\Lesson05.2.Array1Lab01.csproj", "{4F3EFFC5-5680-433A-B342-DC9FD57D5777}"
EndProject
Project("{FAE04EC0-301F-11D3-BF4B-00C04F79EFBC}") = "Lesson05.3.Array1Lab02", "Lesson05.3.Array1Lab02\Lesson05.3.Array1Lab02.csproj", "{CAC6E4F9-AC0E-45A1-8FC8-AC5D7626DDE2}"
EndProject
Project("{FAE04EC0-301F-11D3-BF4B-00C04F79EFBC}") = "Lesson05.4.Array2", "Lesson05.4.Array2\Lesson05.4.Array2.csproj", "{17726163-6891-4BE1-A3E9-E092695329B0}"
EndProject
Project("{FAE04EC0-301F-11D3-BF4B-00C04F79EFBC}") = "Lesson06.1.Review", "Lesson06.1.Review\Lesson06.1.Review.csproj", "{2DD4588E-B086-483C-95A1-6D920B6CCA89}"
EndProject
Project("{FAE04EC0-301F-11D3-BF4B-00C04F79EFBC}") = "Lesson06.2.OOP.Overview", "Lesson06.2.OOP.Overview\Lesson06.2.OOP.Overview.csproj", "{8C7BB19F-BF87-4D67-8F68-3EE4BBCE3224}"
EndProject
Project("{FAE04EC0-301F-11D3-BF4B-00C04F79EFBC}") = "Lesson06.3.ClassAndObject", "Lesson06.3.ClassAndObject\Lesson06.3.ClassAndObject.csproj", "{14314BB0-D3A4-4AC1-9ED4-EFC7F3B75F6D}"
EndProject
Project("{FAE04EC0-301F-11D3-BF4B-00C04F79EFBC}") = "Lesson06.4.PropertiesDemo", "Lesson06.4.PropertiesDemo\Lesson06.4.PropertiesDemo.csproj", "{1115AFAB-7198-489D-98FA-6F17E647C8B0}"
EndProject
Project("{FAE04EC0-301F-11D3-BF4B-00C04F79EFBC}") = "Lesson06.5.PropertiesAuto", "Lesson06.5.PropertiesAuto\Lesson06.5.PropertiesAuto.csproj", "{A23A00DD-9D27-448C-BC8B-E11D469901A7}"
EndProject
Project("{FAE04EC0-301F-11D3-BF4B-00C04F79EFBC}") = "Lesson06.6.MethodDemo", "Lesson06.6.MethodDemo\Lesson06.6.MethodDemo.csproj", "{0AC16209-6DC2-4B74-92AA-96816F64C0A5}"
EndProject
Project("{FAE04EC0-301F-11D3-BF4B-00C04F79EFBC}") = "Lesson07.0.Review", "Lesson07.0.Review\Lesson07.0.Review.csproj", "{9F596951-7CE7-499C-8836-026E261059E2}"
EndProject
Project("{FAE04EC0-301F-11D3-BF4B-00C04F79EFBC}") = "Lesson07.1.ConstructorDemo", "Lesson07.1.ConstructorDemo\Lesson07.1.ConstructorDemo.csproj", "{09726D0B-D395-4E27-913D-68DC60229EC0}"
EndProject
Project("{FAE04EC0-301F-11D3-BF4B-00C04F79EFBC}") = "Lesson07.2.Lab01", "Lesson07.2.Lab01\Lesson07.2.Lab01.csproj", "{BBA71CFA-E2B8-4380-8298-4987ABB6CD42}"
EndProject
Project("{FAE04EC0-301F-11D3-BF4B-00C04F79EFBC}") = "Lesson07.3.Lab02", "Lesson07.Lab02\Lesson07.3.Lab02.csproj", "{A153FC3C-789D-4658-8BF4-F8CC3988BD46}"
EndProject
Project("{FAE04EC0-301F-11D3-BF4B-00C04F79EFBC}") = "Lesson08.0.Review", "Lesson08.0.Review\Lesson08.0.Review.csproj", "{AB26FF43-ACB8-4DD1-A06F-C0A58008302F}"
EndProject
Project("{FAE04EC0-301F-11D3-BF4B-00C04F79EFBC}") = "Lesson08.1.Overloading", "Lesson08.1.Overloading\Lesson08.1.Overloading.csproj", "{FF477558-2F11-43A1-A02F-983ECD864065}"
EndProject
Project("{FAE04EC0-301F-11D3-BF4B-00C04F79EFBC}") = "Lesson08.2.Inheristance", "Lesson08.2.Inheristance\Lesson08.2.Inheristance.csproj", "{CD0A3A08-3F1E-4431-8A6F-BE3614184797}"
EndProject
Project("{FAE04EC0-301F-11D3-BF4B-00C04F79EFBC}") = "Lesson08.3.LabInheristance", "Lesson08.3.LabInheristance\Lesson08.3.LabInheristance.csproj", "{71A9E7FE-69BB-49DA-B016-BF1C0B9A4E18}"
EndProject
Project("{FAE04EC0-301F-11D3-BF4B-00C04F79EFBC}") = "Lesson09.0.Review", "Lesson09.0.Review\Lesson09.0.Review.csproj", "{5D5728E0-3840-4409-B504-D1B89C9F74E7}"
EndProject
Project("{FAE04EC0-301F-11D3-BF4B-00C04F79EFBC}") = "Lesson09.1.AbstractClass", "Lesson09.1.AbstractClass\Lesson09.1.AbstractClass.csproj", "{C80C2AAC-8ABA-44AE-AB9F-401210C46843}"
EndProject
Project("{FAE04EC0-301F-11D3-BF4B-00C04F79EFBC}") = "Lesson09.2.InterfaceClass", "Lesson09.2.InterfaceClass\Lesson09.2.InterfaceClass.csproj", "{C03213EF-E56E-42CE-9387-363A15CAB2CF}"
EndProject
Project("{FAE04EC0-301F-11D3-BF4B-00C04F79EFBC}") = "Lesson09.3.Lab02", "Lesson09.3.Lab02\Lesson09.3.Lab02.csproj", "{A0EDB100-DEA1-4CD5-A03A-D81DDE16CF61}"
EndProject
Project("{FAE04EC0-301F-11D3-BF4B-00C04F79EFBC}") = "Lesson10.ArrayListDemo", "Lesson10.ArrayList\Lesson10.ArrayListDemo.csproj", "{67CFD2AA-AF7F-48E7-8A46-6C043103F88D}"
EndProject
Project("{FAE04EC0-301F-11D3-BF4B-00C04F79EFBC}") = "Lesson10.ArrayListObject", "Lesson10.ArrayListObject\Lesson10.ArrayListObject.csproj", "{69B38319-1D9F-4257-B44E-64EE347DFD1C}"
EndProject
Project("{FAE04EC0-301F-11D3-BF4B-00C04F79EFBC}") = "Lesson10.HashTableDemo", "Lesson10.HashTableDemo\Lesson10.HashTableDemo.csproj", "{869D7D6E-5DBE-4BAA-8CE2-03ED980D7CF7}"
EndProject
Project("{FAE04EC0-301F-11D3-BF4B-00C04F79EFBC}") = "Lesson10.HashTableObjects", "Lesson10.HashTableObjects\Lesson10.HashTableObjects.csproj", "{BBDE9FF6-B208-4DBF-9B33-65F3D801EA3F}"
EndProject
Project("{FAE04EC0-301F-11D3-BF4B-00C04F79EFBC}") = "Lesson10.ListDemo", "Lesson10.ListDemo\Lesson10.ListDemo.csproj", "{A83E6313-C798-4A9A-A0CA-EA7049102F5B}"
EndProject
Project("{FAE04EC0-301F-11D3-BF4B-00C04F79EFBC}") = "Lesson10.ListSort", "Lesson10.ListSort\Lesson10.ListSort.csproj", "{ED5461A2-6F73-4E1E-8DB1-F9C3F8C4E73D}"
EndProject
Global
	GlobalSection(SolutionConfigurationPlatforms) = preSolution
		Debug|Any CPU = Debug|Any CPU
		Release|Any CPU = Release|Any CPU
	EndGlobalSection
	GlobalSection(ProjectConfigurationPlatforms) = postSolution
		{480E2BEF-1C01-4A26-A803-C90BF9B081EE}.Debug|Any CPU.ActiveCfg = Debug|Any CPU
		{480E2BEF-1C01-4A26-A803-C90BF9B081EE}.Debug|Any CPU.Build.0 = Debug|Any CPU
		{480E2BEF-1C01-4A26-A803-C90BF9B081EE}.Release|Any CPU.ActiveCfg = Release|Any CPU
		{480E2BEF-1C01-4A26-A803-C90BF9B081EE}.Release|Any CPU.Build.0 = Release|Any CPU
		{D080CB8C-EBA3-4957-B330-BEC89C893828}.Debug|Any CPU.ActiveCfg = Debug|Any CPU
		{D080CB8C-EBA3-4957-B330-BEC89C893828}.Debug|Any CPU.Build.0 = Debug|Any CPU
		{D080CB8C-EBA3-4957-B330-BEC89C893828}.Release|Any CPU.ActiveCfg = Release|Any CPU
		{D080CB8C-EBA3-4957-B330-BEC89C893828}.Release|Any CPU.Build.0 = Release|Any CPU
		{76BE9BE2-CEA9-4954-9CD8-B2E3581071B5}.Debug|Any CPU.ActiveCfg = Debug|Any CPU
		{76BE9BE2-CEA9-4954-9CD8-B2E3581071B5}.Debug|Any CPU.Build.0 = Debug|Any CPU
		{76BE9BE2-CEA9-4954-9CD8-B2E3581071B5}.Release|Any CPU.ActiveCfg = Release|Any CPU
		{76BE9BE2-CEA9-4954-9CD8-B2E3581071B5}.Release|Any CPU.Build.0 = Release|Any CPU
		{335E1CC2-4E7D-48DB-9F60-66F1864C7A04}.Debug|Any CPU.ActiveCfg = Debug|Any CPU
		{335E1CC2-4E7D-48DB-9F60-66F1864C7A04}.Debug|Any CPU.Build.0 = Debug|Any CPU
		{335E1CC2-4E7D-48DB-9F60-66F1864C7A04}.Release|Any CPU.ActiveCfg = Release|Any CPU
		{335E1CC2-4E7D-48DB-9F60-66F1864C7A04}.Release|Any CPU.Build.0 = Release|Any CPU
		{D92BBD64-B056-4A02-91BE-6D90D4E02A05}.Debug|Any CPU.ActiveCfg = Debug|Any CPU
		{D92BBD64-B056-4A02-91BE-6D90D4E02A05}.Debug|Any CPU.Build.0 = Debug|Any CPU
		{D92BBD64-B056-4A02-91BE-6D90D4E02A05}.Release|Any CPU.ActiveCfg = Release|Any CPU
		{D92BBD64-B056-4A02-91BE-6D90D4E02A05}.Release|Any CPU.Build.0 = Release|Any CPU
		{3A57E990-24C9-4407-A7E3-4C83C284C729}.Debug|Any CPU.ActiveCfg = Debug|Any CPU
		{3A57E990-24C9-4407-A7E3-4C83C284C729}.Debug|Any CPU.Build.0 = Debug|Any CPU
		{3A57E990-24C9-4407-A7E3-4C83C284C729}.Release|Any CPU.ActiveCfg = Release|Any CPU
		{3A57E990-24C9-4407-A7E3-4C83C284C729}.Release|Any CPU.Build.0 = Release|Any CPU
		{16DF97E4-B2FE-4B40-B35A-563D71DBBA86}.Debug|Any CPU.ActiveCfg = Debug|Any CPU
		{16DF97E4-B2FE-4B40-B35A-563D71DBBA86}.Debug|Any CPU.Build.0 = Debug|Any CPU
		{16DF97E4-B2FE-4B40-B35A-563D71DBBA86}.Release|Any CPU.ActiveCfg = Release|Any CPU
		{16DF97E4-B2FE-4B40-B35A-563D71DBBA86}.Release|Any CPU.Build.0 = Release|Any CPU
		{F510A61C-6E4C-4AB7-87CB-047653CDC6D1}.Debug|Any CPU.ActiveCfg = Debug|Any CPU
		{F510A61C-6E4C-4AB7-87CB-047653CDC6D1}.Debug|Any CPU.Build.0 = Debug|Any CPU
		{F510A61C-6E4C-4AB7-87CB-047653CDC6D1}.Release|Any CPU.ActiveCfg = Release|Any CPU
		{F510A61C-6E4C-4AB7-87CB-047653CDC6D1}.Release|Any CPU.Build.0 = Release|Any CPU
		{4F3EFFC5-5680-433A-B342-DC9FD57D5777}.Debug|Any CPU.ActiveCfg = Debug|Any CPU
		{4F3EFFC5-5680-433A-B342-DC9FD57D5777}.Debug|Any CPU.Build.0 = Debug|Any CPU
		{4F3EFFC5-5680-433A-B342-DC9FD57D5777}.Release|Any CPU.ActiveCfg = Release|Any CPU
		{4F3EFFC5-5680-433A-B342-DC9FD57D5777}.Release|Any CPU.Build.0 = Release|Any CPU
		{CAC6E4F9-AC0E-45A1-8FC8-AC5D7626DDE2}.Debug|Any CPU.ActiveCfg = Debug|Any CPU
		{CAC6E4F9-AC0E-45A1-8FC8-AC5D7626DDE2}.Debug|Any CPU.Build.0 = Debug|Any CPU
		{CAC6E4F9-AC0E-45A1-8FC8-AC5D7626DDE2}.Release|Any CPU.ActiveCfg = Release|Any CPU
		{CAC6E4F9-AC0E-45A1-8FC8-AC5D7626DDE2}.Release|Any CPU.Build.0 = Release|Any CPU
		{17726163-6891-4BE1-A3E9-E092695329B0}.Debug|Any CPU.ActiveCfg = Debug|Any CPU
		{17726163-6891-4BE1-A3E9-E092695329B0}.Debug|Any CPU.Build.0 = Debug|Any CPU
		{17726163-6891-4BE1-A3E9-E092695329B0}.Release|Any CPU.ActiveCfg = Release|Any CPU
		{17726163-6891-4BE1-A3E9-E092695329B0}.Release|Any CPU.Build.0 = Release|Any CPU
		{2DD4588E-B086-483C-95A1-6D920B6CCA89}.Debug|Any CPU.ActiveCfg = Debug|Any CPU
		{2DD4588E-B086-483C-95A1-6D920B6CCA89}.Debug|Any CPU.Build.0 = Debug|Any CPU
		{2DD4588E-B086-483C-95A1-6D920B6CCA89}.Release|Any CPU.ActiveCfg = Release|Any CPU
		{2DD4588E-B086-483C-95A1-6D920B6CCA89}.Release|Any CPU.Build.0 = Release|Any CPU
		{8C7BB19F-BF87-4D67-8F68-3EE4BBCE3224}.Debug|Any CPU.ActiveCfg = Debug|Any CPU
		{8C7BB19F-BF87-4D67-8F68-3EE4BBCE3224}.Debug|Any CPU.Build.0 = Debug|Any CPU
		{8C7BB19F-BF87-4D67-8F68-3EE4BBCE3224}.Release|Any CPU.ActiveCfg = Release|Any CPU
		{8C7BB19F-BF87-4D67-8F68-3EE4BBCE3224}.Release|Any CPU.Build.0 = Release|Any CPU
		{14314BB0-D3A4-4AC1-9ED4-EFC7F3B75F6D}.Debug|Any CPU.ActiveCfg = Debug|Any CPU
		{14314BB0-D3A4-4AC1-9ED4-EFC7F3B75F6D}.Debug|Any CPU.Build.0 = Debug|Any CPU
		{14314BB0-D3A4-4AC1-9ED4-EFC7F3B75F6D}.Release|Any CPU.ActiveCfg = Release|Any CPU
		{14314BB0-D3A4-4AC1-9ED4-EFC7F3B75F6D}.Release|Any CPU.Build.0 = Release|Any CPU
		{1115AFAB-7198-489D-98FA-6F17E647C8B0}.Debug|Any CPU.ActiveCfg = Debug|Any CPU
		{1115AFAB-7198-489D-98FA-6F17E647C8B0}.Debug|Any CPU.Build.0 = Debug|Any CPU
		{1115AFAB-7198-489D-98FA-6F17E647C8B0}.Release|Any CPU.ActiveCfg = Release|Any CPU
		{1115AFAB-7198-489D-98FA-6F17E647C8B0}.Release|Any CPU.Build.0 = Release|Any CPU
		{A23A00DD-9D27-448C-BC8B-E11D469901A7}.Debug|Any CPU.ActiveCfg = Debug|Any CPU
		{A23A00DD-9D27-448C-BC8B-E11D469901A7}.Debug|Any CPU.Build.0 = Debug|Any CPU
		{A23A00DD-9D27-448C-BC8B-E11D469901A7}.Release|Any CPU.ActiveCfg = Release|Any CPU
		{A23A00DD-9D27-448C-BC8B-E11D469901A7}.Release|Any CPU.Build.0 = Release|Any CPU
		{0AC16209-6DC2-4B74-92AA-96816F64C0A5}.Debug|Any CPU.ActiveCfg = Debug|Any CPU
		{0AC16209-6DC2-4B74-92AA-96816F64C0A5}.Debug|Any CPU.Build.0 = Debug|Any CPU
		{0AC16209-6DC2-4B74-92AA-96816F64C0A5}.Release|Any CPU.ActiveCfg = Release|Any CPU
		{0AC16209-6DC2-4B74-92AA-96816F64C0A5}.Release|Any CPU.Build.0 = Release|Any CPU
		{9F596951-7CE7-499C-8836-026E261059E2}.Debug|Any CPU.ActiveCfg = Debug|Any CPU
		{9F596951-7CE7-499C-8836-026E261059E2}.Debug|Any CPU.Build.0 = Debug|Any CPU
		{9F596951-7CE7-499C-8836-026E261059E2}.Release|Any CPU.ActiveCfg = Release|Any CPU
		{9F596951-7CE7-499C-8836-026E261059E2}.Release|Any CPU.Build.0 = Release|Any CPU
		{09726D0B-D395-4E27-913D-68DC60229EC0}.Debug|Any CPU.ActiveCfg = Debug|Any CPU
		{09726D0B-D395-4E27-913D-68DC60229EC0}.Debug|Any CPU.Build.0 = Debug|Any CPU
		{09726D0B-D395-4E27-913D-68DC60229EC0}.Release|Any CPU.ActiveCfg = Release|Any CPU
		{09726D0B-D395-4E27-913D-68DC60229EC0}.Release|Any CPU.Build.0 = Release|Any CPU
		{BBA71CFA-E2B8-4380-8298-4987ABB6CD42}.Debug|Any CPU.ActiveCfg = Debug|Any CPU
		{BBA71CFA-E2B8-4380-8298-4987ABB6CD42}.Debug|Any CPU.Build.0 = Debug|Any CPU
		{BBA71CFA-E2B8-4380-8298-4987ABB6CD42}.Release|Any CPU.ActiveCfg = Release|Any CPU
		{BBA71CFA-E2B8-4380-8298-4987ABB6CD42}.Release|Any CPU.Build.0 = Release|Any CPU
		{A153FC3C-789D-4658-8BF4-F8CC3988BD46}.Debug|Any CPU.ActiveCfg = Debug|Any CPU
		{A153FC3C-789D-4658-8BF4-F8CC3988BD46}.Debug|Any CPU.Build.0 = Debug|Any CPU
		{A153FC3C-789D-4658-8BF4-F8CC3988BD46}.Release|Any CPU.ActiveCfg = Release|Any CPU
		{A153FC3C-789D-4658-8BF4-F8CC3988BD46}.Release|Any CPU.Build.0 = Release|Any CPU
		{AB26FF43-ACB8-4DD1-A06F-C0A58008302F}.Debug|Any CPU.ActiveCfg = Debug|Any CPU
		{AB26FF43-ACB8-4DD1-A06F-C0A58008302F}.Debug|Any CPU.Build.0 = Debug|Any CPU
		{AB26FF43-ACB8-4DD1-A06F-C0A58008302F}.Release|Any CPU.ActiveCfg = Release|Any CPU
		{AB26FF43-ACB8-4DD1-A06F-C0A58008302F}.Release|Any CPU.Build.0 = Release|Any CPU
		{FF477558-2F11-43A1-A02F-983ECD864065}.Debug|Any CPU.ActiveCfg = Debug|Any CPU
		{FF477558-2F11-43A1-A02F-983ECD864065}.Debug|Any CPU.Build.0 = Debug|Any CPU
		{FF477558-2F11-43A1-A02F-983ECD864065}.Release|Any CPU.ActiveCfg = Release|Any CPU
		{FF477558-2F11-43A1-A02F-983ECD864065}.Release|Any CPU.Build.0 = Release|Any CPU
		{CD0A3A08-3F1E-4431-8A6F-BE3614184797}.Debug|Any CPU.ActiveCfg = Debug|Any CPU
		{CD0A3A08-3F1E-4431-8A6F-BE3614184797}.Debug|Any CPU.Build.0 = Debug|Any CPU
		{CD0A3A08-3F1E-4431-8A6F-BE3614184797}.Release|Any CPU.ActiveCfg = Release|Any CPU
		{CD0A3A08-3F1E-4431-8A6F-BE3614184797}.Release|Any CPU.Build.0 = Release|Any CPU
		{71A9E7FE-69BB-49DA-B016-BF1C0B9A4E18}.Debug|Any CPU.ActiveCfg = Debug|Any CPU
		{71A9E7FE-69BB-49DA-B016-BF1C0B9A4E18}.Debug|Any CPU.Build.0 = Debug|Any CPU
		{71A9E7FE-69BB-49DA-B016-BF1C0B9A4E18}.Release|Any CPU.ActiveCfg = Release|Any CPU
		{71A9E7FE-69BB-49DA-B016-BF1C0B9A4E18}.Release|Any CPU.Build.0 = Release|Any CPU
		{5D5728E0-3840-4409-B504-D1B89C9F74E7}.Debug|Any CPU.ActiveCfg = Debug|Any CPU
		{5D5728E0-3840-4409-B504-D1B89C9F74E7}.Debug|Any CPU.Build.0 = Debug|Any CPU
		{5D5728E0-3840-4409-B504-D1B89C9F74E7}.Release|Any CPU.ActiveCfg = Release|Any CPU
		{5D5728E0-3840-4409-B504-D1B89C9F74E7}.Release|Any CPU.Build.0 = Release|Any CPU
		{C80C2AAC-8ABA-44AE-AB9F-401210C46843}.Debug|Any CPU.ActiveCfg = Debug|Any CPU
		{C80C2AAC-8ABA-44AE-AB9F-401210C46843}.Debug|Any CPU.Build.0 = Debug|Any CPU
		{C80C2AAC-8ABA-44AE-AB9F-401210C46843}.Release|Any CPU.ActiveCfg = Release|Any CPU
		{C80C2AAC-8ABA-44AE-AB9F-401210C46843}.Release|Any CPU.Build.0 = Release|Any CPU
		{C03213EF-E56E-42CE-9387-363A15CAB2CF}.Debug|Any CPU.ActiveCfg = Debug|Any CPU
		{C03213EF-E56E-42CE-9387-363A15CAB2CF}.Debug|Any CPU.Build.0 = Debug|Any CPU
		{C03213EF-E56E-42CE-9387-363A15CAB2CF}.Release|Any CPU.ActiveCfg = Release|Any CPU
		{C03213EF-E56E-42CE-9387-363A15CAB2CF}.Release|Any CPU.Build.0 = Release|Any CPU
		{A0EDB100-DEA1-4CD5-A03A-D81DDE16CF61}.Debug|Any CPU.ActiveCfg = Debug|Any CPU
		{A0EDB100-DEA1-4CD5-A03A-D81DDE16CF61}.Debug|Any CPU.Build.0 = Debug|Any CPU
		{A0EDB100-DEA1-4CD5-A03A-D81DDE16CF61}.Release|Any CPU.ActiveCfg = Release|Any CPU
		{A0EDB100-DEA1-4CD5-A03A-D81DDE16CF61}.Release|Any CPU.Build.0 = Release|Any CPU
		{67CFD2AA-AF7F-48E7-8A46-6C043103F88D}.Debug|Any CPU.ActiveCfg = Debug|Any CPU
		{67CFD2AA-AF7F-48E7-8A46-6C043103F88D}.Debug|Any CPU.Build.0 = Debug|Any CPU
		{67CFD2AA-AF7F-48E7-8A46-6C043103F88D}.Release|Any CPU.ActiveCfg = Release|Any CPU
		{67CFD2AA-AF7F-48E7-8A46-6C043103F88D}.Release|Any CPU.Build.0 = Release|Any CPU
		{69B38319-1D9F-4257-B44E-64EE347DFD1C}.Debug|Any CPU.ActiveCfg = Debug|Any CPU
		{69B38319-1D9F-4257-B44E-64EE347DFD1C}.Debug|Any CPU.Build.0 = Debug|Any CPU
		{69B38319-1D9F-4257-B44E-64EE347DFD1C}.Release|Any CPU.ActiveCfg = Release|Any CPU
		{69B38319-1D9F-4257-B44E-64EE347DFD1C}.Release|Any CPU.Build.0 = Release|Any CPU
		{869D7D6E-5DBE-4BAA-8CE2-03ED980D7CF7}.Debug|Any CPU.ActiveCfg = Debug|Any CPU
		{869D7D6E-5DBE-4BAA-8CE2-03ED980D7CF7}.Debug|Any CPU.Build.0 = Debug|Any CPU
		{869D7D6E-5DBE-4BAA-8CE2-03ED980D7CF7}.Release|Any CPU.ActiveCfg = Release|Any CPU
		{869D7D6E-5DBE-4BAA-8CE2-03ED980D7CF7}.Release|Any CPU.Build.0 = Release|Any CPU
		{BBDE9FF6-B208-4DBF-9B33-65F3D801EA3F}.Debug|Any CPU.ActiveCfg = Debug|Any CPU
		{BBDE9FF6-B208-4DBF-9B33-65F3D801EA3F}.Debug|Any CPU.Build.0 = Debug|Any CPU
		{BBDE9FF6-B208-4DBF-9B33-65F3D801EA3F}.Release|Any CPU.ActiveCfg = Release|Any CPU
		{BBDE9FF6-B208-4DBF-9B33-65F3D801EA3F}.Release|Any CPU.Build.0 = Release|Any CPU
		{A83E6313-C798-4A9A-A0CA-EA7049102F5B}.Debug|Any CPU.ActiveCfg = Debug|Any CPU
		{A83E6313-C798-4A9A-A0CA-EA7049102F5B}.Debug|Any CPU.Build.0 = Debug|Any CPU
		{A83E6313-C798-4A9A-A0CA-EA7049102F5B}.Release|Any CPU.ActiveCfg = Release|Any CPU
		{A83E6313-C798-4A9A-A0CA-EA7049102F5B}.Release|Any CPU.Build.0 = Release|Any CPU
		{ED5461A2-6F73-4E1E-8DB1-F9C3F8C4E73D}.Debug|Any CPU.ActiveCfg = Debug|Any CPU
		{ED5461A2-6F73-4E1E-8DB1-F9C3F8C4E73D}.Debug|Any CPU.Build.0 = Debug|Any CPU
		{ED5461A2-6F73-4E1E-8DB1-F9C3F8C4E73D}.Release|Any CPU.ActiveCfg = Release|Any CPU
		{ED5461A2-6F73-4E1E-8DB1-F9C3F8C4E73D}.Release|Any CPU.Build.0 = Release|Any CPU
	EndGlobalSection
	GlobalSection(SolutionProperties) = preSolution
		HideSolutionNode = FALSE
	EndGlobalSection
	GlobalSection(ExtensibilityGlobals) = postSolution
		SolutionGuid = {81134D28-B2F1-4A71-A4A9-09DF32881278}
	EndGlobalSection
EndGlobal
